<?xml version="1.0" encoding="utf-8"?>
<Project ToolsVersion="4.0" xmlns="http://schemas.microsoft.com/developer/msbuild/2003">
  <ItemGroup>
    <Filter Include="Main">
      <UniqueIdentifier>{3c7aa3f6-e4e4-4565-bb85-51097fd4738e}</UniqueIdentifier>
    </Filter>
    <Filter Include="Web Interface">
      <UniqueIdentifier>{339c06aa-c134-4c52-8608-664e87be8dd3}</UniqueIdentifier>
    </Filter>
    <Filter Include="Precompiled Header">
      <UniqueIdentifier>{330b3fe7-2065-45e1-8a0b-0f9a0006a095}</UniqueIdentifier>
    </Filter>
    <Filter Include="Web Interface\Sessions">
      <UniqueIdentifier>{f4940c43-e151-42f9-a77c-046f986946c2}</UniqueIdentifier>
    </Filter>
    <Filter Include="Web Interface\Server">
      <UniqueIdentifier>{3210d748-9d8d-472b-807a-acf64482c167}</UniqueIdentifier>
    </Filter>
    <Filter Include="Utils">
      <UniqueIdentifier>{aa76a5be-ea91-47b7-a332-a6b326e8c1ea}</UniqueIdentifier>
    </Filter>
    <Filter Include="Utils\Data Parser">
      <UniqueIdentifier>{6305aa79-d748-4a1e-ab9d-554ccacf8dc3}</UniqueIdentifier>
    </Filter>
    <Filter Include="Utils\Data Base Interface">
      <UniqueIdentifier>{b8c80116-1e9e-49db-a4e5-dd3fb899422f}</UniqueIdentifier>
    </Filter>
  </ItemGroup>
  <ItemGroup>
    <ClCompile Include="U_Main.cpp">
      <Filter>Main</Filter>
    </ClCompile>
    <ClCompile Include="W_WebSession.cpp">
      <Filter>Web Interface\Sessions</Filter>
    </ClCompile>
    <ClCompile Include="U_DataParser.cpp">
      <Filter>Utils\Data Parser</Filter>
    </ClCompile>
    <ClCompile Include="W_WebServer.cpp">
      <Filter>Web Interface\Server</Filter>
    </ClCompile>
    <ClCompile Include="D_DataBase.cpp">
      <Filter>Utils\Data Base Interface</Filter>
    </ClCompile>
    <ClCompile Include="P_HEADER.cpp">
      <Filter>Precompiled Header</Filter>
    </ClCompile>
  </ItemGroup>
  <ItemGroup>
    <ClInclude Include="P_HEADER.h">
      <Filter>Precompiled Header</Filter>
    </ClInclude>
    <ClInclude Include="W_WebSession.h">
      <Filter>Web Interface\Sessions</Filter>
    </ClInclude>
    <ClInclude Include="U_DataParser.h">
      <Filter>Utils\Data Parser</Filter>
    </ClInclude>
    <ClInclude Include="W_WebServer.h">
      <Filter>Web Interface\Server</Filter>
    </ClInclude>
    <ClInclude Include="D_DataBase.h">
      <Filter>Utils\Data Base Interface</Filter>
    </ClInclude>
  </ItemGroup>
</Project>